{
  "version": 4,
  "terraform_version": "1.10.5",
  "serial": 68,
  "lineage": "a1ccb44a-cdd0-eda3-7655-56646159f769",
  "outputs": {},
  "resources": [
    {
      "mode": "managed",
      "type": "aws_eks_cluster",
      "name": "eks_cluster",
      "provider": "provider[\"registry.terraform.io/hashicorp/aws\"]",
      "instances": [
        {
          "schema_version": 1,
          "attributes": {
            "access_config": [
              {
                "authentication_mode": "CONFIG_MAP",
                "bootstrap_cluster_creator_admin_permissions": true
              }
            ],
            "arn": "arn:aws:eks:us-east-1:971422694781:cluster/flask-eks-cluster",
            "bootstrap_self_managed_addons": true,
            "certificate_authority": [
              {
                "data": "LS0tLS1CRUdJTiBDRVJUSUZJQ0FURS0tLS0tCk1JSURCVENDQWUyZ0F3SUJBZ0lJVHhZVnAxNU9PVVV3RFFZSktvWklodmNOQVFFTEJRQXdGVEVUTUJFR0ExVUUKQXhNS2EzVmlaWEp1WlhSbGN6QWVGdzB5TlRBeU1UWXlNREEyTVRCYUZ3MHpOVEF5TVRReU1ERXhNVEJhTUJVeApFekFSQmdOVkJBTVRDbXQxWW1WeWJtVjBaWE13Z2dFaU1BMEdDU3FHU0liM0RRRUJBUVVBQTRJQkR3QXdnZ0VLCkFvSUJBUURtL0hWdlgrZ2UrSEtOb1J3dVpqUDUvdXRvbERBZXdBM2J1a0NoMFhoWE9aeG4rWGZORjZEUzY3N3EKV1gwT0RoL2JWSnFOK3ljVktSRmV4bHFjejAwdlZ5NlQ5bVhTbDIrbjFSbTRrQ1J6Z1FlTDhJaGRDNVFuYkJNTwo1eWIyYk5ybEhTVWZuQ0dQbnpUK296ZStVNDNlWjMreEczT3NuMWRsS1M0d3RJWktKaFlDY3pGZ1pYQXNVamZSCkUwYWhiYVRKeW5xODhHR2ZTNUY1ZW9STjBFU0Z6T0dHeDRBU0JNYjh4QmxxcGwyV3BVblNqQitkMmNuR3RzVDgKNmV0NXkzL2xodm81ei9EbTlQSUNhQ1pGSnZyQitIUjlVZ0x4NHI5d3IweGJoVkhsc2RCM1lRUnNtazFQNlo1bwpFUk4vSUtvamQvM3hlajlCNG1HS2xuZWVwWEV6QWdNQkFBR2pXVEJYTUE0R0ExVWREd0VCL3dRRUF3SUNwREFQCkJnTlZIUk1CQWY4RUJUQURBUUgvTUIwR0ExVWREZ1FXQkJRSi83UXZqd0RZa0hTMTg2Q3Yrd0tCNGNVZlBqQVYKQmdOVkhSRUVEakFNZ2dwcmRXSmxjbTVsZEdWek1BMEdDU3FHU0liM0RRRUJDd1VBQTRJQkFRREVwU0dJM0dmcAoyZUZHV1dmNysyb3NKTWQ5T1E5b01DUERmK2tSWE9ENTYrb0ZlRVhKOGlGa2FaVmpTTWJlLzhwSlpBd05aL1NTClpsMyswbC91TDB3Y3M1bVNjY01NbHhOKyswczEydzhGSTJ3b0N0VlBUbGk2Ym43YlFTZUYwQlByV3dMWU5sdEMKalVmOXg1ZSsyK2VQTFZQRWJsazFHMWR3Zm1sbCs0em9uVTA4YkVyUEhSOXJzZlozeXVRU2JDdUF4ZTk5L2p3cApJRFlDNG94aHlDMEdDL3BiNXUyT2FhQU5CV0k0bzZ2d1hQR1VyYXZGVXBZRUovSVUzVEl2eGNqUVVnd2Q1ZkVvCkpPcjhObmFHQjRTaHR6Y2VUQm44NWh6Wnp5djdLVWRHTTArVXB3cHlIdVQxMWJudTR3NFpaQUhaN01wQVBncEEKMGk3V0UvZDA4QzZaCi0tLS0tRU5EIENFUlRJRklDQVRFLS0tLS0K"
              }
            ],
            "cluster_id": null,
            "compute_config": [],
            "created_at": "2025-02-16T20:06:42Z",
            "enabled_cluster_log_types": [],
            "encryption_config": [],
            "endpoint": "https://BA92E9D42282663DBC447EAFBFEF25F0.gr7.us-east-1.eks.amazonaws.com",
            "id": "flask-eks-cluster",
            "identity": [
              {
                "oidc": [
                  {
                    "issuer": "https://oidc.eks.us-east-1.amazonaws.com/id/BA92E9D42282663DBC447EAFBFEF25F0"
                  }
                ]
              }
            ],
            "kubernetes_network_config": [
              {
                "elastic_load_balancing": [
                  {
                    "enabled": false
                  }
                ],
                "ip_family": "ipv4",
                "service_ipv4_cidr": "172.20.0.0/16",
                "service_ipv6_cidr": ""
              }
            ],
            "name": "flask-eks-cluster",
            "outpost_config": [],
            "platform_version": "eks.19",
            "remote_network_config": [],
            "role_arn": "arn:aws:iam::971422694781:role/eks-cluster-role",
            "status": "ACTIVE",
            "storage_config": [],
            "tags": {},
            "tags_all": {},
            "timeouts": null,
            "upgrade_policy": [
              {
                "support_type": "EXTENDED"
              }
            ],
            "version": "1.31",
            "vpc_config": [
              {
                "cluster_security_group_id": "sg-0442a412b0bddd5b7",
                "endpoint_private_access": false,
                "endpoint_public_access": true,
                "public_access_cidrs": [
                  "0.0.0.0/0"
                ],
                "security_group_ids": [],
                "subnet_ids": [
                  "subnet-0776741860d2cf44c",
                  "subnet-0d6bc359777ceb55a"
                ],
                "vpc_id": "vpc-0d1586c398fb08923"
              }
            ],
            "zonal_shift_config": []
          },
          "sensitive_attributes": [],
          "private": "eyJlMmJmYjczMC1lY2FhLTExZTYtOGY4OC0zNDM2M2JjN2M0YzAiOnsiY3JlYXRlIjoxODAwMDAwMDAwMDAwLCJkZWxldGUiOjkwMDAwMDAwMDAwMCwidXBkYXRlIjozNjAwMDAwMDAwMDAwfSwic2NoZW1hX3ZlcnNpb24iOiIxIn0=",
          "dependencies": [
            "aws_iam_role.eks_role",
            "aws_iam_role_policy_attachment.eks_cluster_policy",
            "aws_subnet.public_subnet_1",
            "aws_subnet.public_subnet_2",
            "aws_vpc.flask_vpc"
          ]
        }
      ]
    },
    {
      "mode": "managed",
      "type": "aws_iam_role",
      "name": "eks_role",
      "provider": "provider[\"registry.terraform.io/hashicorp/aws\"]",
      "instances": [
        {
          "schema_version": 0,
          "attributes": {
            "arn": "arn:aws:iam::971422694781:role/eks-cluster-role",
            "assume_role_policy": "{\"Statement\":[{\"Action\":\"sts:AssumeRole\",\"Effect\":\"Allow\",\"Principal\":{\"Service\":\"eks.amazonaws.com\"}}],\"Version\":\"2012-10-17\"}",
            "create_date": "2025-02-16T14:40:39Z",
            "description": "",
            "force_detach_policies": false,
            "id": "eks-cluster-role",
            "inline_policy": [],
            "managed_policy_arns": [
              "arn:aws:iam::aws:policy/AmazonEKSClusterPolicy"
            ],
            "max_session_duration": 3600,
            "name": "eks-cluster-role",
            "name_prefix": "",
            "path": "/",
            "permissions_boundary": "",
            "tags": {},
            "tags_all": {},
            "unique_id": "AROA6ELKN7V6UILKNANJU"
          },
          "sensitive_attributes": [],
          "private": "bnVsbA=="
        }
      ]
    },
    {
      "mode": "managed",
      "type": "aws_iam_role_policy_attachment",
      "name": "eks_cluster_policy",
      "provider": "provider[\"registry.terraform.io/hashicorp/aws\"]",
      "instances": [
        {
          "schema_version": 0,
          "attributes": {
            "id": "eks-cluster-role-20250216144039851700000004",
            "policy_arn": "arn:aws:iam::aws:policy/AmazonEKSClusterPolicy",
            "role": "eks-cluster-role"
          },
          "sensitive_attributes": [],
          "private": "bnVsbA==",
          "dependencies": [
            "aws_iam_role.eks_role"
          ]
        }
      ]
    },
    {
      "mode": "managed",
      "type": "aws_internet_gateway",
      "name": "flask_igw",
      "provider": "provider[\"registry.terraform.io/hashicorp/aws\"]",
      "instances": [
        {
          "schema_version": 0,
          "attributes": {
            "arn": "arn:aws:ec2:us-east-1:971422694781:internet-gateway/igw-021a22d01f6035f9a",
            "id": "igw-021a22d01f6035f9a",
            "owner_id": "971422694781",
            "tags": {
              "Name": "flask-igw"
            },
            "tags_all": {
              "Name": "flask-igw"
            },
            "timeouts": null,
            "vpc_id": "vpc-0d1586c398fb08923"
          },
          "sensitive_attributes": [],
          "private": "eyJlMmJmYjczMC1lY2FhLTExZTYtOGY4OC0zNDM2M2JjN2M0YzAiOnsiY3JlYXRlIjoxMjAwMDAwMDAwMDAwLCJkZWxldGUiOjEyMDAwMDAwMDAwMDAsInVwZGF0ZSI6MTIwMDAwMDAwMDAwMH19",
          "dependencies": [
            "aws_vpc.flask_vpc"
          ]
        }
      ]
    },
    {
      "mode": "managed",
      "type": "aws_subnet",
      "name": "public_subnet_1",
      "provider": "provider[\"registry.terraform.io/hashicorp/aws\"]",
      "instances": [
        {
          "schema_version": 1,
          "attributes": {
            "arn": "arn:aws:ec2:us-east-1:971422694781:subnet/subnet-0776741860d2cf44c",
            "assign_ipv6_address_on_creation": false,
            "availability_zone": "us-east-1a",
            "availability_zone_id": "use1-az4",
            "cidr_block": "10.0.3.0/24",
            "customer_owned_ipv4_pool": "",
            "enable_dns64": false,
            "enable_lni_at_device_index": 0,
            "enable_resource_name_dns_a_record_on_launch": false,
            "enable_resource_name_dns_aaaa_record_on_launch": false,
            "id": "subnet-0776741860d2cf44c",
            "ipv6_cidr_block": "",
            "ipv6_cidr_block_association_id": "",
            "ipv6_native": false,
            "map_customer_owned_ip_on_launch": false,
            "map_public_ip_on_launch": true,
            "outpost_arn": "",
            "owner_id": "971422694781",
            "private_dns_hostname_type_on_launch": "ip-name",
            "tags": {
              "Name": "flask-public-subnet-1",
              "kubernetes.io/cluster/flask-eks-cluster": "owned",
              "kubernetes.io/role/elb": "1"
            },
            "tags_all": {
              "Name": "flask-public-subnet-1",
              "kubernetes.io/cluster/flask-eks-cluster": "owned",
              "kubernetes.io/role/elb": "1"
            },
            "timeouts": null,
            "vpc_id": "vpc-0d1586c398fb08923"
          },
          "sensitive_attributes": [],
          "private": "eyJlMmJmYjczMC1lY2FhLTExZTYtOGY4OC0zNDM2M2JjN2M0YzAiOnsiY3JlYXRlIjo2MDAwMDAwMDAwMDAsImRlbGV0ZSI6MTIwMDAwMDAwMDAwMH0sInNjaGVtYV92ZXJzaW9uIjoiMSJ9",
          "dependencies": [
            "aws_vpc.flask_vpc"
          ]
        }
      ]
    },
    {
      "mode": "managed",
      "type": "aws_subnet",
      "name": "public_subnet_2",
      "provider": "provider[\"registry.terraform.io/hashicorp/aws\"]",
      "instances": [
        {
          "schema_version": 1,
          "attributes": {
            "arn": "arn:aws:ec2:us-east-1:971422694781:subnet/subnet-0d6bc359777ceb55a",
            "assign_ipv6_address_on_creation": false,
            "availability_zone": "us-east-1b",
            "availability_zone_id": "use1-az6",
            "cidr_block": "10.0.4.0/24",
            "customer_owned_ipv4_pool": "",
            "enable_dns64": false,
            "enable_lni_at_device_index": 0,
            "enable_resource_name_dns_a_record_on_launch": false,
            "enable_resource_name_dns_aaaa_record_on_launch": false,
            "id": "subnet-0d6bc359777ceb55a",
            "ipv6_cidr_block": "",
            "ipv6_cidr_block_association_id": "",
            "ipv6_native": false,
            "map_customer_owned_ip_on_launch": false,
            "map_public_ip_on_launch": true,
            "outpost_arn": "",
            "owner_id": "971422694781",
            "private_dns_hostname_type_on_launch": "ip-name",
            "tags": {
              "Name": "flask-public-subnet-2",
              "kubernetes.io/cluster/flask-eks-cluster": "owned",
              "kubernetes.io/role/elb": "1"
            },
            "tags_all": {
              "Name": "flask-public-subnet-2",
              "kubernetes.io/cluster/flask-eks-cluster": "owned",
              "kubernetes.io/role/elb": "1"
            },
            "timeouts": null,
            "vpc_id": "vpc-0d1586c398fb08923"
          },
          "sensitive_attributes": [],
          "private": "eyJlMmJmYjczMC1lY2FhLTExZTYtOGY4OC0zNDM2M2JjN2M0YzAiOnsiY3JlYXRlIjo2MDAwMDAwMDAwMDAsImRlbGV0ZSI6MTIwMDAwMDAwMDAwMH0sInNjaGVtYV92ZXJzaW9uIjoiMSJ9",
          "dependencies": [
            "aws_vpc.flask_vpc"
          ]
        }
      ]
    },
    {
      "mode": "managed",
      "type": "aws_vpc",
      "name": "flask_vpc",
      "provider": "provider[\"registry.terraform.io/hashicorp/aws\"]",
      "instances": [
        {
          "schema_version": 1,
          "attributes": {
            "arn": "arn:aws:ec2:us-east-1:971422694781:vpc/vpc-0d1586c398fb08923",
            "assign_generated_ipv6_cidr_block": false,
            "cidr_block": "10.0.0.0/16",
            "default_network_acl_id": "acl-0b721f8032864ebdb",
            "default_route_table_id": "rtb-06259c20c48db994e",
            "default_security_group_id": "sg-0e5c21e02f76c5b7b",
            "dhcp_options_id": "dopt-05f936d9b14ae8244",
            "enable_dns_hostnames": true,
            "enable_dns_support": true,
            "enable_network_address_usage_metrics": false,
            "id": "vpc-0d1586c398fb08923",
            "instance_tenancy": "default",
            "ipv4_ipam_pool_id": null,
            "ipv4_netmask_length": null,
            "ipv6_association_id": "",
            "ipv6_cidr_block": "",
            "ipv6_cidr_block_network_border_group": "",
            "ipv6_ipam_pool_id": "",
            "ipv6_netmask_length": 0,
            "main_route_table_id": "rtb-06259c20c48db994e",
            "owner_id": "971422694781",
            "tags": {
              "Name": "flask-vpc"
            },
            "tags_all": {
              "Name": "flask-vpc"
            }
          },
          "sensitive_attributes": [],
          "private": "eyJzY2hlbWFfdmVyc2lvbiI6IjEifQ=="
        }
      ]
    }
  ],
  "check_results": null
}
